
Microsoft Visual Studio Solution File, Format Version 12.00
# Visual Studio Version 16
VisualStudioVersion = 16.0.31229.75
MinimumVisualStudioVersion = 10.0.40219.1
Project("{FAE04EC0-301F-11D3-BF4B-00C04F79EFBC}") = "DesafiosDIO", "DesafiosDIO\DesafiosDIO.csproj", "{83FB55DC-AB83-4873-B329-1A8ED66B9D53}"
EndProject
Global
	GlobalSection(SolutionConfigurationPlatforms) = preSolution
		Debug|Any CPU = Debug|Any CPU
		Release|Any CPU = Release|Any CPU
	EndGlobalSection
	GlobalSection(ProjectConfigurationPlatforms) = postSolution
		{83FB55DC-AB83-4873-B329-1A8ED66B9D53}.Debug|Any CPU.ActiveCfg = Debug|Any CPU
		{83FB55DC-AB83-4873-B329-1A8ED66B9D53}.Debug|Any CPU.Build.0 = Debug|Any CPU
		{83FB55DC-AB83-4873-B329-1A8ED66B9D53}.Release|Any CPU.ActiveCfg = Release|Any CPU
		{83FB55DC-AB83-4873-B329-1A8ED66B9D53}.Release|Any CPU.Build.0 = Release|Any CPU
	EndGlobalSection
	GlobalSection(SolutionProperties) = preSolution
		HideSolutionNode = FALSE
	EndGlobalSection
	GlobalSection(ExtensibilityGlobals) = postSolution
		SolutionGuid = {6435CF4A-85A2-4FA4-AC4B-263CF3FEC107}
	EndGlobalSection
EndGlobal
